
Microsoft Visual Studio Solution File, Format Version 12.00
# Visual Studio 15
VisualStudioVersion = 15.0.28307.1000
MinimumVisualStudioVersion = 10.0.40219.1
Project("{FAE04EC0-301F-11D3-BF4B-00C04F79EFBC}") = "Epidesim", "Epidesim\Epidesim.csproj", "{9831359F-174D-45B7-94AF-D40623DACC15}"
EndProject
Global
	GlobalSection(SolutionConfigurationPlatforms) = preSolution
		Debug|Any CPU = Debug|Any CPU
		Release|Any CPU = Release|Any CPU
	EndGlobalSection
	GlobalSection(ProjectConfigurationPlatforms) = postSolution
		{9831359F-174D-45B7-94AF-D40623DACC15}.Debug|Any CPU.ActiveCfg = Debug|Any CPU
		{9831359F-174D-45B7-94AF-D40623DACC15}.Debug|Any CPU.Build.0 = Debug|Any CPU
		{9831359F-174D-45B7-94AF-D40623DACC15}.Release|Any CPU.ActiveCfg = Release|Any CPU
		{9831359F-174D-45B7-94AF-D40623DACC15}.Release|Any CPU.Build.0 = Release|Any CPU
	EndGlobalSection
	GlobalSection(SolutionProperties) = preSolution
		HideSolutionNode = FALSE
	EndGlobalSection
	GlobalSection(ExtensibilityGlobals) = postSolution
		SolutionGuid = {6614AF32-B957-405D-A4A3-5C689869F26A}
	EndGlobalSection
EndGlobal
